# This file was autogenerated by Stack.
# You should not edit this file by hand.
# For more information, please see the documentation at:
#   https://docs.haskellstack.org/en/stable/lock_files

packages: []
snapshots:
- completed:
    sha256: 8f85c305140e43633ec5e4db355be84365073bb58e0e138b99fd96f50ccd9724
    size: 599242
    url: https://raw.githubusercontent.com/commercialhaskell/stackage-snapshots/master/nightly/2023/3/16.yaml
  original: nightly-2023-03-16
